
Microsoft Visual Studio Solution File, Format Version 12.00
# Visual Studio 14
VisualStudioVersion = 14.0.25420.1
MinimumVisualStudioVersion = 10.0.40219.1
Project("{2150E333-8FDC-42A3-9474-1A3956D46DE8}") = "src", "src", "{61070666-C192-433F-B698-3307813F49E1}"
EndProject
Project("{2150E333-8FDC-42A3-9474-1A3956D46DE8}") = "Solution Items", "Solution Items", "{DFDCDD85-77DE-4C5B-9815-00EE9A1A29E6}"
	ProjectSection(SolutionItems) = preProject
		global.json = global.json
	EndProjectSection
EndProject
Project("{8BB2217D-0F2D-49D1-97BC-3654ED321F3B}") = "LurenTech", "src\LurenTech\LurenTech.xproj", "{2FBA1AA2-344B-46F6-8DCC-882117A4DB18}"
EndProject
Global
	GlobalSection(SolutionConfigurationPlatforms) = preSolution
		Debug|Any CPU = Debug|Any CPU
		Release|Any CPU = Release|Any CPU
	EndGlobalSection
	GlobalSection(ProjectConfigurationPlatforms) = postSolution
		{2FBA1AA2-344B-46F6-8DCC-882117A4DB18}.Debug|Any CPU.ActiveCfg = Debug|Any CPU
		{2FBA1AA2-344B-46F6-8DCC-882117A4DB18}.Debug|Any CPU.Build.0 = Debug|Any CPU
		{2FBA1AA2-344B-46F6-8DCC-882117A4DB18}.Release|Any CPU.ActiveCfg = Release|Any CPU
		{2FBA1AA2-344B-46F6-8DCC-882117A4DB18}.Release|Any CPU.Build.0 = Release|Any CPU
	EndGlobalSection
	GlobalSection(SolutionProperties) = preSolution
		HideSolutionNode = FALSE
	EndGlobalSection
	GlobalSection(NestedProjects) = preSolution
		{2FBA1AA2-344B-46F6-8DCC-882117A4DB18} = {61070666-C192-433F-B698-3307813F49E1}
	EndGlobalSection
EndGlobal
